
Microsoft Visual Studio Solution File, Format Version 12.00
# Visual Studio Version 16
VisualStudioVersion = 16.0.31729.503
MinimumVisualStudioVersion = 10.0.40219.1
Project("{FAE04EC0-301F-11D3-BF4B-00C04F79EFBC}") = "AppExcerPOOHeranPoli-03", "AppExcerPOOHeranPoli-03.csproj", "{D459B39D-1923-480C-A256-C9C747BAFE97}"
EndProject
Global
	GlobalSection(SolutionConfigurationPlatforms) = preSolution
		Debug|Any CPU = Debug|Any CPU
		Release|Any CPU = Release|Any CPU
	EndGlobalSection
	GlobalSection(ProjectConfigurationPlatforms) = postSolution
		{D459B39D-1923-480C-A256-C9C747BAFE97}.Debug|Any CPU.ActiveCfg = Debug|Any CPU
		{D459B39D-1923-480C-A256-C9C747BAFE97}.Debug|Any CPU.Build.0 = Debug|Any CPU
		{D459B39D-1923-480C-A256-C9C747BAFE97}.Release|Any CPU.ActiveCfg = Release|Any CPU
		{D459B39D-1923-480C-A256-C9C747BAFE97}.Release|Any CPU.Build.0 = Release|Any CPU
	EndGlobalSection
	GlobalSection(SolutionProperties) = preSolution
		HideSolutionNode = FALSE
	EndGlobalSection
	GlobalSection(ExtensibilityGlobals) = postSolution
		SolutionGuid = {504DDD16-0E48-4065-AE00-4864F07DEB9D}
	EndGlobalSection
EndGlobal
